
Microsoft Visual Studio Solution File, Format Version 12.00
# Visual Studio Version 17
VisualStudioVersion = 17.0.31903.59
MinimumVisualStudioVersion = 10.0.40219.1
Project("{FAE04EC0-301F-11D3-BF4B-00C04F79EFBC}") = "MathLibrary", "MathLibrary\MathLibrary.csproj", "{CA52D4E5-CFF4-4C6C-B235-22C81E9F594B}"
EndProject
Project("{FAE04EC0-301F-11D3-BF4B-00C04F79EFBC}") = "MathLibrary.Client", "MathLibrary.Client\MathLibrary.Client.csproj", "{0F5612A2-F0EB-45F9-B28A-24D8D7ECEEE5}"
EndProject
Global
	GlobalSection(SolutionConfigurationPlatforms) = preSolution
		Debug|Any CPU = Debug|Any CPU
		Debug|x64 = Debug|x64
		Debug|x86 = Debug|x86
		Release|Any CPU = Release|Any CPU
		Release|x64 = Release|x64
		Release|x86 = Release|x86
	EndGlobalSection
	GlobalSection(ProjectConfigurationPlatforms) = postSolution
		{CA52D4E5-CFF4-4C6C-B235-22C81E9F594B}.Debug|Any CPU.ActiveCfg = Debug|Any CPU
		{CA52D4E5-CFF4-4C6C-B235-22C81E9F594B}.Debug|Any CPU.Build.0 = Debug|Any CPU
		{CA52D4E5-CFF4-4C6C-B235-22C81E9F594B}.Debug|x64.ActiveCfg = Debug|Any CPU
		{CA52D4E5-CFF4-4C6C-B235-22C81E9F594B}.Debug|x64.Build.0 = Debug|Any CPU
		{CA52D4E5-CFF4-4C6C-B235-22C81E9F594B}.Debug|x86.ActiveCfg = Debug|Any CPU
		{CA52D4E5-CFF4-4C6C-B235-22C81E9F594B}.Debug|x86.Build.0 = Debug|Any CPU
		{CA52D4E5-CFF4-4C6C-B235-22C81E9F594B}.Release|Any CPU.ActiveCfg = Release|Any CPU
		{CA52D4E5-CFF4-4C6C-B235-22C81E9F594B}.Release|Any CPU.Build.0 = Release|Any CPU
		{CA52D4E5-CFF4-4C6C-B235-22C81E9F594B}.Release|x64.ActiveCfg = Release|Any CPU
		{CA52D4E5-CFF4-4C6C-B235-22C81E9F594B}.Release|x64.Build.0 = Release|Any CPU
		{CA52D4E5-CFF4-4C6C-B235-22C81E9F594B}.Release|x86.ActiveCfg = Release|Any CPU
		{CA52D4E5-CFF4-4C6C-B235-22C81E9F594B}.Release|x86.Build.0 = Release|Any CPU
		{0F5612A2-F0EB-45F9-B28A-24D8D7ECEEE5}.Debug|Any CPU.ActiveCfg = Debug|Any CPU
		{0F5612A2-F0EB-45F9-B28A-24D8D7ECEEE5}.Debug|Any CPU.Build.0 = Debug|Any CPU
		{0F5612A2-F0EB-45F9-B28A-24D8D7ECEEE5}.Debug|x64.ActiveCfg = Debug|Any CPU
		{0F5612A2-F0EB-45F9-B28A-24D8D7ECEEE5}.Debug|x64.Build.0 = Debug|Any CPU
		{0F5612A2-F0EB-45F9-B28A-24D8D7ECEEE5}.Debug|x86.ActiveCfg = Debug|Any CPU
		{0F5612A2-F0EB-45F9-B28A-24D8D7ECEEE5}.Debug|x86.Build.0 = Debug|Any CPU
		{0F5612A2-F0EB-45F9-B28A-24D8D7ECEEE5}.Release|Any CPU.ActiveCfg = Release|Any CPU
		{0F5612A2-F0EB-45F9-B28A-24D8D7ECEEE5}.Release|Any CPU.Build.0 = Release|Any CPU
		{0F5612A2-F0EB-45F9-B28A-24D8D7ECEEE5}.Release|x64.ActiveCfg = Release|Any CPU
		{0F5612A2-F0EB-45F9-B28A-24D8D7ECEEE5}.Release|x64.Build.0 = Release|Any CPU
		{0F5612A2-F0EB-45F9-B28A-24D8D7ECEEE5}.Release|x86.ActiveCfg = Release|Any CPU
		{0F5612A2-F0EB-45F9-B28A-24D8D7ECEEE5}.Release|x86.Build.0 = Release|Any CPU
	EndGlobalSection
	GlobalSection(SolutionProperties) = preSolution
		HideSolutionNode = FALSE
	EndGlobalSection
EndGlobal
